
Microsoft Visual Studio Solution File, Format Version 12.00
# Visual Studio Version 16
VisualStudioVersion = 16.0.31321.278
MinimumVisualStudioVersion = 10.0.40219.1
Project("{9A19103F-16F7-4668-BE54-9A1E7A4F7556}") = "ZdravaHranaNina", "ZdravaHranaNina\ZdravaHranaNina.csproj", "{C562F5C4-5FBF-448E-90C0-65D5EBE2E9BB}"
EndProject
Project("{9A19103F-16F7-4668-BE54-9A1E7A4F7556}") = "ZdravaHranaNinaData", "ZdravaHranaNinaData\ZdravaHranaNinaData.csproj", "{89C6CCA6-09A5-4A67-91A7-0BADAA30426C}"
EndProject
Project("{9A19103F-16F7-4668-BE54-9A1E7A4F7556}") = "ZdravaHranaNinaEntities", "ZdravaHranaNinaEntities\ZdravaHranaNinaEntities.csproj", "{8957BF09-F306-49B1-8C70-2FCE504B2AB5}"
EndProject
Project("{9A19103F-16F7-4668-BE54-9A1E7A4F7556}") = "ZdravaHranaNinaRepositories", "ZdravaHranaNinaRepositories\ZdravaHranaNinaRepositories.csproj", "{02C0F71C-96AE-4C34-AC9A-005D4B8EECB0}"
EndProject
Project("{9A19103F-16F7-4668-BE54-9A1E7A4F7556}") = "ZdravaHranaNinaServices", "ZdravaHranaNinaServices\ZdravaHranaNinaServices.csproj", "{33A43CA5-02D3-4EFF-91F1-5E97D16027D5}"
EndProject
Project("{FAE04EC0-301F-11D3-BF4B-00C04F79EFBC}") = "ZdravaHranaNinaAPI", "ZdravaHranaNinaAPI\ZdravaHranaNinaAPI.csproj", "{8F15D1A9-503F-41E7-B180-B50DCDA1985F}"
EndProject
Global
	GlobalSection(SolutionConfigurationPlatforms) = preSolution
		Debug|Any CPU = Debug|Any CPU
		Release|Any CPU = Release|Any CPU
	EndGlobalSection
	GlobalSection(ProjectConfigurationPlatforms) = postSolution
		{C562F5C4-5FBF-448E-90C0-65D5EBE2E9BB}.Debug|Any CPU.ActiveCfg = Debug|Any CPU
		{C562F5C4-5FBF-448E-90C0-65D5EBE2E9BB}.Debug|Any CPU.Build.0 = Debug|Any CPU
		{C562F5C4-5FBF-448E-90C0-65D5EBE2E9BB}.Release|Any CPU.ActiveCfg = Release|Any CPU
		{C562F5C4-5FBF-448E-90C0-65D5EBE2E9BB}.Release|Any CPU.Build.0 = Release|Any CPU
		{89C6CCA6-09A5-4A67-91A7-0BADAA30426C}.Debug|Any CPU.ActiveCfg = Debug|Any CPU
		{89C6CCA6-09A5-4A67-91A7-0BADAA30426C}.Debug|Any CPU.Build.0 = Debug|Any CPU
		{89C6CCA6-09A5-4A67-91A7-0BADAA30426C}.Release|Any CPU.ActiveCfg = Release|Any CPU
		{89C6CCA6-09A5-4A67-91A7-0BADAA30426C}.Release|Any CPU.Build.0 = Release|Any CPU
		{8957BF09-F306-49B1-8C70-2FCE504B2AB5}.Debug|Any CPU.ActiveCfg = Debug|Any CPU
		{8957BF09-F306-49B1-8C70-2FCE504B2AB5}.Debug|Any CPU.Build.0 = Debug|Any CPU
		{8957BF09-F306-49B1-8C70-2FCE504B2AB5}.Release|Any CPU.ActiveCfg = Release|Any CPU
		{8957BF09-F306-49B1-8C70-2FCE504B2AB5}.Release|Any CPU.Build.0 = Release|Any CPU
		{02C0F71C-96AE-4C34-AC9A-005D4B8EECB0}.Debug|Any CPU.ActiveCfg = Debug|Any CPU
		{02C0F71C-96AE-4C34-AC9A-005D4B8EECB0}.Debug|Any CPU.Build.0 = Debug|Any CPU
		{02C0F71C-96AE-4C34-AC9A-005D4B8EECB0}.Release|Any CPU.ActiveCfg = Release|Any CPU
		{02C0F71C-96AE-4C34-AC9A-005D4B8EECB0}.Release|Any CPU.Build.0 = Release|Any CPU
		{33A43CA5-02D3-4EFF-91F1-5E97D16027D5}.Debug|Any CPU.ActiveCfg = Debug|Any CPU
		{33A43CA5-02D3-4EFF-91F1-5E97D16027D5}.Debug|Any CPU.Build.0 = Debug|Any CPU
		{33A43CA5-02D3-4EFF-91F1-5E97D16027D5}.Release|Any CPU.ActiveCfg = Release|Any CPU
		{33A43CA5-02D3-4EFF-91F1-5E97D16027D5}.Release|Any CPU.Build.0 = Release|Any CPU
		{8F15D1A9-503F-41E7-B180-B50DCDA1985F}.Debug|Any CPU.ActiveCfg = Debug|Any CPU
		{8F15D1A9-503F-41E7-B180-B50DCDA1985F}.Debug|Any CPU.Build.0 = Debug|Any CPU
		{8F15D1A9-503F-41E7-B180-B50DCDA1985F}.Release|Any CPU.ActiveCfg = Release|Any CPU
		{8F15D1A9-503F-41E7-B180-B50DCDA1985F}.Release|Any CPU.Build.0 = Release|Any CPU
	EndGlobalSection
	GlobalSection(SolutionProperties) = preSolution
		HideSolutionNode = FALSE
	EndGlobalSection
	GlobalSection(ExtensibilityGlobals) = postSolution
		SolutionGuid = {3888AE1D-265B-43E0-90F8-F5AA80A96479}
	EndGlobalSection
EndGlobal
